<Solution>
  <Configurations>
    <Platform Name="x64" />
  </Configurations>
  <Project Path="src/Ether.DesignSystem.Foundation/Ether.DesignSystem.Foundation.csproj">
    <Platform Solution="*|x64" Project="x64" />
  </Project>
  <Project Path="src/Ether.DesignSystem.Controls/Ether.DesignSystem.Controls.csproj">
    <Platform Solution="*|x64" Project="x64" />
  </Project>
  <Project Path="src/Ether.DesignSystem.Interactions/Ether.DesignSystem.Interactions.csproj">
    <Platform Solution="*|x64" Project="x64" />
  </Project>
  <Project Path="tests/Ether.DesignSystem.Interactions.ContractTests/Ether.DesignSystem.Interactions.ContractTests.csproj">
    <Platform Solution="*|x64" Project="x64" />
  </Project>
  <Project Path="samples/Ether.DesignSystem.Gallery/Ether.DesignSystem.Gallery.csproj">
    <Platform Solution="*|x64" Project="x64" />
  </Project>
</Solution>
